{
  "version": "2",
  "remote": {
    "https://crux.land/api/get/2KNRVU.ts": "6a77d55844aba78d01520c5ff0b2f0af7f24cc1716a0de8b3bb6bd918c47b5ba",
    "https://deno.land/std@0.158.0/fmt/colors.ts": "ff7dc9c9f33a72bd48bc24b21bbc1b4545d8494a431f17894dbc5fe92a938fc4",
    "https://deno.land/std@0.158.0/testing/_diff.ts": "a23e7fc2b4d8daa3e158fa06856bedf5334ce2a2831e8bf9e509717f455adb2c",
    "https://deno.land/std@0.158.0/testing/_format.ts": "cd11136e1797791045e639e9f0f4640d5b4166148796cad37e6ef75f7d7f3832",
    "https://deno.land/std@0.158.0/testing/asserts.ts": "8696c488bc98d8d175e74dc652a0ffbc7fca93858da01edc57ed33c1148345da",
    "https://deno.land/std@0.163.0/testing/_test_suite.ts": "2d07073d5460a4e3ec50c55ae822cd9bd136926d7363091379947fef9c73c3e4",
    "https://deno.land/std@0.163.0/testing/bdd.ts": "35060cefd9cc21b414f4d89453b3551a3d52ec50aeff25db432503c5485b2f72",
    "https://deno.land/std@0.185.0/fmt/colors.ts": "d67e3cd9f472535241a8e410d33423980bec45047e343577554d3356e1f0ef4e",
    "https://deno.land/std@0.185.0/testing/_diff.ts": "1a3c044aedf77647d6cac86b798c6417603361b66b54c53331b312caeb447aea",
    "https://deno.land/std@0.185.0/testing/_format.ts": "a69126e8a469009adf4cf2a50af889aca364c349797e63174884a52ff75cf4c7",
    "https://deno.land/std@0.185.0/testing/asserts.ts": "e16d98b4d73ffc4ed498d717307a12500ae4f2cbe668f1a215632d19fcffc22f",
    "https://deno.land/std@0.187.0/fmt/colors.ts": "d67e3cd9f472535241a8e410d33423980bec45047e343577554d3356e1f0ef4e",
    "https://deno.land/std@0.187.0/testing/_diff.ts": "1a3c044aedf77647d6cac86b798c6417603361b66b54c53331b312caeb447aea",
    "https://deno.land/std@0.187.0/testing/_format.ts": "a69126e8a469009adf4cf2a50af889aca364c349797e63174884a52ff75cf4c7",
    "https://deno.land/std@0.187.0/testing/asserts.ts": "e16d98b4d73ffc4ed498d717307a12500ae4f2cbe668f1a215632d19fcffc22f",
    "https://deno.land/std@0.97.0/fmt/colors.ts": "db22b314a2ae9430ae7460ce005e0a7130e23ae1c999157e3bb77cf55800f7e4",
    "https://deno.land/std@0.97.0/testing/_diff.ts": "961eaf6d9f5b0a8556c9d835bbc6fa74f5addd7d3b02728ba7936ff93364f7a3",
    "https://deno.land/std@0.97.0/testing/asserts.ts": "341292d12eebc44be4c3c2ca101ba8b6b5859cef2fa69d50c217f9d0bfbcfd1f",
    "https://deno.land/x/continuation@0.1.5/mod.ts": "690def2735046367b3e1b4bc6e51b5912f2ed09c41c7df7a55c060f23720ad33",
    "https://deno.land/x/effection@3.0.0-beta.3/lib/abort-signal.ts": "8be1b331b2bc417d70fe4c07e0b806e89972b8eab519ce58beed7ec632ae9048",
    "https://deno.land/x/effection@3.0.0-beta.3/lib/all.ts": "acadab8258228e290192f587c8c532428f9093337a9b7688ae55cbc2cacd5caf",
    "https://deno.land/x/effection@3.0.0-beta.3/lib/async.ts": "086b27b253be944c47c633d105f1657e243cd8c0d35b9a0dc5383528d7235dde",
    "https://deno.land/x/effection@3.0.0-beta.3/lib/call.ts": "2fe2d0ac5f4bda345ef8627b9047d19336f2926c25cf661bc982b84754aa57fa",
    "https://deno.land/x/effection@3.0.0-beta.3/lib/channel.ts": "f86b36666463f8f86fc1ac1726a94f0f08dc05559ba710b8eb93581b2b8588e6",
    "https://deno.land/x/effection@3.0.0-beta.3/lib/context.ts": "108989ac839d6756e30f6c0afc458bfa3975dd0f970d5173b6b8f8473ce4c335",
    "https://deno.land/x/effection@3.0.0-beta.3/lib/deps.ts": "91062b4b97089a8cf36550d4f9605d325a0fd19bebc72d15524481a3b56ea669",
    "https://deno.land/x/effection@3.0.0-beta.3/lib/each.ts": "9689346d1db3fedcd87d48c70be5515ad3e18fa4b894755fa53910fb8ad356f3",
    "https://deno.land/x/effection@3.0.0-beta.3/lib/ensure.ts": "c3640cc12c1bc747a8a4086af476840db026d04ea22f45a697d53617b2b1cc66",
    "https://deno.land/x/effection@3.0.0-beta.3/lib/events.ts": "d962e7403d62948642f5a3161f611f4375932aa8702050575f0d538aab7c3467",
    "https://deno.land/x/effection@3.0.0-beta.3/lib/filter.ts": "39f349ee921ba718cf3259e05003255eeeafbb5ca6e437d2d269b1805da2236e",
    "https://deno.land/x/effection@3.0.0-beta.3/lib/first.ts": "5bc321069d2e2b87b6623f626a929d5d5ba32bca32ee03b37bdc1a64722eebb9",
    "https://deno.land/x/effection@3.0.0-beta.3/lib/instructions.ts": "5fd8638e385068adc6c1a896bba02b736d7c2c26e5124d3d063fdbcaf140abec",
    "https://deno.land/x/effection@3.0.0-beta.3/lib/lazy.ts": "92ea526c5ad7d88290f2a87168e038d482f97421379508d85cf2e049ee60639b",
    "https://deno.land/x/effection@3.0.0-beta.3/lib/lift.ts": "0c622bf0359f92235547b57efa66139b265a7b259428e6883469de0b3af32f5d",
    "https://deno.land/x/effection@3.0.0-beta.3/lib/main.ts": "a0deaf1d1d958ef7a5821d8ac3dfbd190a47608d603798a5fc3b0c2309a724da",
    "https://deno.land/x/effection@3.0.0-beta.3/lib/map.ts": "1a0c369dad53affc4b798a04142de637a75f981385acafcafd26bdc569675bc2",
    "https://deno.land/x/effection@3.0.0-beta.3/lib/mod.ts": "f7189b02d008baba1166d33779379b12f7104e0b6d373194270ac126a73ba82d",
    "https://deno.land/x/effection@3.0.0-beta.3/lib/pause.ts": "a690b0d67cf970c34f528df8c61d69eb43deda9817362776f6359f506dc0da45",
    "https://deno.land/x/effection@3.0.0-beta.3/lib/pipe.ts": "4a28fa93a1ba53661bafb84265f3fcb5614920bbecc0db1c261e1093da3b2cdf",
    "https://deno.land/x/effection@3.0.0-beta.3/lib/queue.ts": "80c6234cb6eaba9fd1abdae077e73f51897b099ea54f852b9a744e8eba51302f",
    "https://deno.land/x/effection@3.0.0-beta.3/lib/race.ts": "0c43f24ce5006768f5cbac8d6f5dc07848bafa625cc0bc6c24fb6a2f2a8808f2",
    "https://deno.land/x/effection@3.0.0-beta.3/lib/result.ts": "44e4bdadad155beb9bbfe41948819bbcb9e27a772283e52e89981bd6636a8687",
    "https://deno.land/x/effection@3.0.0-beta.3/lib/run.ts": "b85043bc8b30c0eb0d04654cdd07004b21145f2e3f59f52e39df76558e324ca4",
    "https://deno.land/x/effection@3.0.0-beta.3/lib/run/create.ts": "be9139af2fbe15908256d2d159dec8dca079f94cf02d488074c94fa26fc651fa",
    "https://deno.land/x/effection@3.0.0-beta.3/lib/run/frame.ts": "132fdace9c00e6ad0e249d7faab1c33680336c5fa8e4a893f092ecec4e2df786",
    "https://deno.land/x/effection@3.0.0-beta.3/lib/run/scope.ts": "e1c195fd4f954e4b525db25fb1db79447e745b2c0bb7c74a8a31ca58b1f4e64e",
    "https://deno.land/x/effection@3.0.0-beta.3/lib/run/task.ts": "7084b9cabdc338c776dc522ec8b677fb3ac41aa0c94e454d467731494cb68737",
    "https://deno.land/x/effection@3.0.0-beta.3/lib/run/types.ts": "010bea700f68fef99dd87ca5ca3cbbc90e026ac467889d8429d39cba0ee55fda",
    "https://deno.land/x/effection@3.0.0-beta.3/lib/run/value.ts": "d57428b45dfeecc9df1e68dadf8697dbc33cd412e6ffcab9d0ba4368e8c1fbd6",
    "https://deno.land/x/effection@3.0.0-beta.3/lib/shift-sync.ts": "74ecefa9cb2e145a3c52f363319f8d6296b804600852044b7d14bd53bc10b512",
    "https://deno.land/x/effection@3.0.0-beta.3/lib/signal.ts": "da723b43b6bd61ea86dab991e9a6c6249a61d3b1c3c98ef473b160c9383e7d07",
    "https://deno.land/x/effection@3.0.0-beta.3/lib/sleep.ts": "44e3a80248dad7a47066a99a7daec9b318e87d5d211adf27776145544d455689",
    "https://deno.land/x/effection@3.0.0-beta.3/lib/types.ts": "9738143fe6bfd5709a6ff10b6dd065582cfaca1167bf57902cb7bcca89b53dc4",
    "https://deno.land/x/effection@3.0.0-beta.3/mod.ts": "ffae461c16d4a1bf24c2179582ab8d5c81ad0df61e4ae2fba51ef5e5bdf90345",
    "https://deno.land/x/expect@v0.3.0/expect.ts": "5e6717eddc9df376f7b2c9be6403e016130bb2edbb1acd261a2d6ea9608ee196",
    "https://deno.land/x/expect@v0.3.0/matchers.ts": "a37ef4577739247af77a852cdcd69484f999a41ad86ec16bb63a88a7a47a2372",
    "https://deno.land/x/expect@v0.3.0/mock.ts": "562d4b1d735d15b0b8e935f342679096b64fe452f86e96714fe8616c0c884914",
    "https://deno.land/x/expect@v0.3.0/mod.ts": "0304d2430e1e96ba669a8495e24ba606dcc3d152e1f81aaa8da898cea24e36c2",
    "https://deno.land/x/mock_fetch@0.3.0/mod.ts": "7e7806c65ab17b2b684c334c4e565812bdaf504a3e9c938d2bb52bb67428bc89",
    "https://esm.sh/immer@10.0.2?pin=v135": "c9a37633ebd7643f9618f0e3263ca12dc16eecb898feb579f94cc81c4a367c20",
    "https://esm.sh/react-redux@8.0.5?pin=v135": "c5a1b9dcf3c39bb53bdd3efadb7541b91830b736165c4ed6f5edb08b982fff9f",
    "https://esm.sh/react@18.2.0?pin=v135": "04ad7dc6d11fa27b24c136686a334ecdd19e972fae627cd98cbdc13cdac238c2",
    "https://esm.sh/reselect@4.1.8?pin=v135": "a88008b1d6ad1c4e4023172edebfe699cf9e8e0716132a48bb9f24617d478f4d",
    "https://esm.sh/stable/react@18.2.0/denonext/react.mjs": "3c4f23bcfc53b256fcfaf6f834fa9f584c3bb7be667b2682c6cb6ba8ef88f8e6",
    "https://esm.sh/v128/@types/prop-types@15.7.11/index.d.ts": "9ed09d4538e25fc79cefc5e7b5bfbae0464f06d2984f19da009f85d13656c211",
    "https://esm.sh/v128/@types/react@18.2.38/global.d.ts": "0bd5e7096c7bc02bf70b2cc017fc45ef489cb19bd2f32a71af39ff5787f1b56a",
    "https://esm.sh/v128/@types/react@18.2.38/index.d.ts": "ed7932bf88289cef446992b54364314ba29ff2ec0086f59dc2d1b9f8f03bf50a",
    "https://esm.sh/v128/@types/scheduler@0.16.8/tracing.d.ts": "b1bf87add0ccfb88472cd4c6013853d823a7efb791c10bb7a11679526be91eda",
    "https://esm.sh/v128/csstype@3.1.2/index.d.ts": "4c68749a564a6facdf675416d75789ee5a557afda8960e0803cf6711fa569288",
    "https://esm.sh/v135/@babel/runtime@7.24.4/denonext/helpers/esm/extends.js": "6945975ff02714e9d9e48cc7b2b84215c7f0bcf77b407c7499e497b20d2d7f6b",
    "https://esm.sh/v135/@babel/runtime@7.24.4/denonext/helpers/esm/objectWithoutPropertiesLoose.js": "476b0a7a26e15b0defbc5505ae3f4c7ef4a52e350eb861e090c4ea00f4a80670",
    "https://esm.sh/v135/@types/hoist-non-react-statics@3.3.5/index.d.ts": "a439bc67617af8f75639dd4de5bb1f12fa2c71632cdac9c37936f63eaeaae3ec",
    "https://esm.sh/v135/@types/prop-types@15.7.11/index.d.ts": "9ed09d4538e25fc79cefc5e7b5bfbae0464f06d2984f19da009f85d13656c211",
    "https://esm.sh/v135/@types/react-dom@18.2.25/index.d.ts": "13265846d562b1b8f9b17226c302fd95cfa7ddfbec1f1fda701f32d613599671",
    "https://esm.sh/v135/@types/react@18.2.38/global.d.ts": "0bd5e7096c7bc02bf70b2cc017fc45ef489cb19bd2f32a71af39ff5787f1b56a",
    "https://esm.sh/v135/@types/react@18.2.38/index.d.ts": "e9a3f952cdff33a93869e13c884c03095caefa9839ac88265cc56fbc2828ccd7",
    "https://esm.sh/v135/@types/scheduler@0.16.8/tracing.d.ts": "b1bf87add0ccfb88472cd4c6013853d823a7efb791c10bb7a11679526be91eda",
    "https://esm.sh/v135/@types/use-sync-external-store@0.0.3/index.d.ts": "61f41da9aaa809e5142b1d849d4e70f3e09913a5cb32c629bf6e61ef27967ff7",
    "https://esm.sh/v135/@types/use-sync-external-store@0.0.3/with-selector.d.ts": "da0195f35a277ff34bb5577062514ce75b7a1b12f476d6be3d4489e26fcf00d8",
    "https://esm.sh/v135/csstype@3.1.2/index.d.ts": "4c68749a564a6facdf675416d75789ee5a557afda8960e0803cf6711fa569288",
    "https://esm.sh/v135/hoist-non-react-statics@3.3.2/denonext/hoist-non-react-statics.mjs": "1e1b0fbe9a9537eb408d6e7017e668b1381814eb9592a1dd18c39ee09a6d9fbb",
    "https://esm.sh/v135/immer@10.0.2/denonext/immer.mjs": "e23064a10c38638e3fa18f56a8864b32a41551e0c4dd32b18008431c57629e88",
    "https://esm.sh/v135/immer@10.0.2/dist/immer.d.ts": "058561900fef84704cbc45a29355da6487be9380b8ed0072f3a03693769a5dd0",
    "https://esm.sh/v135/react-dom@18.2.0/denonext/react-dom.mjs": "8191fc377ea7083cca5640699c4abd75de033089eb932799e29aa04bb136838f",
    "https://esm.sh/v135/react-is@16.13.1/denonext/react-is.mjs": "4fc2bb5cfecb53c0f28cd7b730101ff83c05ca06fdd373bc2d6a9bdf662f96d4",
    "https://esm.sh/v135/react-is@18.2.0/denonext/react-is.mjs": "07ca6a7473ccbb06466e805c8253ade80bd664a0f486cf020864c22c27a60479",
    "https://esm.sh/v135/react-redux@8.0.5/denonext/react-redux.mjs": "aad652363f5339e3814db446148deb093aadf80d57f8dc8d10d4c43b066b258c",
    "https://esm.sh/v135/react-redux@8.0.5/es/components/Context.d.ts": "215f03174ec6b5d81ecfa0a3d20acfdde68837e6ce904a92d814cd71c96c2a2d",
    "https://esm.sh/v135/react-redux@8.0.5/es/components/Provider.d.ts": "64bbd0b4ed7e219470da2f9250122ba86c159c1cb3e7eccd12d5de463721f06d",
    "https://esm.sh/v135/react-redux@8.0.5/es/components/connect.d.ts": "f1e37718eddc1d6a9e08edd1c1f629c1d9da3aadc4c9882cb2dd46e4d1cf9511",
    "https://esm.sh/v135/react-redux@8.0.5/es/connect/selectorFactory.d.ts": "c7b714df5f84a8155fac71fce0a17a4387912d95944b5d9a95c8671ff306ebac",
    "https://esm.sh/v135/react-redux@8.0.5/es/exports.d.ts": "bf60c690ff0e05557fa8c1a7439870274741fe8a049ad532339e02f2e0b5d63b",
    "https://esm.sh/v135/react-redux@8.0.5/es/hooks/useDispatch.d.ts": "ca18c78e2c82ee13df0e676387241d29023b198a14f190e347fb5697bfbf3f68",
    "https://esm.sh/v135/react-redux@8.0.5/es/hooks/useSelector.d.ts": "53cc97bf5f51e34148c3ca534deb3cebab9132a18254d406a116bc64a6077136",
    "https://esm.sh/v135/react-redux@8.0.5/es/hooks/useStore.d.ts": "add682be8711bcf787b74c15444fd65aa21a2f2749df20151c8d45da8d624e7e",
    "https://esm.sh/v135/react-redux@8.0.5/es/index.d.ts": "a4c3e41066fc4cd9c74c2f98f9e8ee0acbbe6d8f5e59ae403c7f75b0c8fe428e",
    "https://esm.sh/v135/react-redux@8.0.5/es/types.d.ts": "5c2e5f01e4130485f80cd9236e201265bfd4cbecfac223ff07546b6aa113b444",
    "https://esm.sh/v135/react-redux@8.0.5/es/utils/Subscription.d.ts": "05be35caefacdcbbc14ff6ec605c9a1458c92491448034c174a401ecb463b4f3",
    "https://esm.sh/v135/react-redux@8.0.5/es/utils/reactBatchedUpdates.d.ts": "8321c0239fb3bb500b19ff8f429e1e04d655cedf6795a3613f6eaf56b6707902",
    "https://esm.sh/v135/react-redux@8.0.5/es/utils/shallowEqual.d.ts": "42d3863cb9aa6d1ffc8bfe897a1f2203a603e826848c8c41b0c8a786a2f7ecef",
    "https://esm.sh/v135/react-redux@8.0.5/es/utils/useSyncExternalStore.d.ts": "fbe7de73f26c8185d7b19aeef0a97448c759abd38d2fa8728898b8e287480c2e",
    "https://esm.sh/v135/redux@4.2.1/index.d.ts": "fd624f7d7b264922476685870f08c5e1c6d6a0f05dee2429a9747b41f6b699d4",
    "https://esm.sh/v135/reselect@4.1.8/denonext/reselect.mjs": "f8199f9e44453876a9ea6b5d1caedc0fe1ae789a73217543b1e6193e1edc0db7",
    "https://esm.sh/v135/reselect@4.1.8/es/defaultMemoize.d.ts": "2d8a1d85b6155ca124eb6ce4d1043471e77b7b8aedda8f2eedb631aac1057416",
    "https://esm.sh/v135/reselect@4.1.8/es/index.d.ts": "55a54814090dda59f242a9c891a6a57a985350e5dc0156646a42e88f400c8dd4",
    "https://esm.sh/v135/reselect@4.1.8/es/types.d.ts": "0cf2ff23a287d45bf80b88e0c3aefa60881546a0184cae70af91fbc308d016dd",
    "https://esm.sh/v135/reselect@4.1.8/es/versionedTypes/index.d.ts": "ed1c984ea8ee3824ab9e262580b845d407f8ca998d7e324a468981e2b461bad3",
    "https://esm.sh/v135/reselect@4.1.8/es/versionedTypes/ts47-mergeParameters.d.ts": "1b3a9c3b73e5b61b48c6fc131806b5197a8243e2fa863956717173fbef934420",
    "https://esm.sh/v135/scheduler@0.23.0/denonext/scheduler.mjs": "cdbc6d2823e2c6fffcb14501146ff2602a38c48d3c9dd9268f308e833ede2b49",
    "https://esm.sh/v135/use-sync-external-store@1.2.0/denonext/shim.js": "ee51a93766077d32104ee8090cafb05c1bd2e23e256f3516368f8e9a8516f177",
    "https://esm.sh/v135/use-sync-external-store@1.2.0/denonext/shim/with-selector.js": "6aaca98d5bc53815f1c14fb8d096f13d41ecf99d91923fa831bc19a880ba929d"
  }
}
